
Microsoft Visual Studio Solution File, Format Version 12.00
# Visual Studio Version 17
VisualStudioVersion = 17.8.34601.278
MinimumVisualStudioVersion = 10.0.40219.1
Project("{9A19103F-16F7-4668-BE54-9A1E7A4F7556}") = "DerivcoAssessment", "DerivcoAssessment.csproj", "{EE23C130-AC1F-4EB7-B584-B0886448E82C}"
EndProject
Global
	GlobalSection(SolutionConfigurationPlatforms) = preSolution
		Debug|Any CPU = Debug|Any CPU
		Release|Any CPU = Release|Any CPU
	EndGlobalSection
	GlobalSection(ProjectConfigurationPlatforms) = postSolution
		{EE23C130-AC1F-4EB7-B584-B0886448E82C}.Debug|Any CPU.ActiveCfg = Debug|Any CPU
		{EE23C130-AC1F-4EB7-B584-B0886448E82C}.Debug|Any CPU.Build.0 = Debug|Any CPU
		{EE23C130-AC1F-4EB7-B584-B0886448E82C}.Release|Any CPU.ActiveCfg = Release|Any CPU
		{EE23C130-AC1F-4EB7-B584-B0886448E82C}.Release|Any CPU.Build.0 = Release|Any CPU
	EndGlobalSection
	GlobalSection(SolutionProperties) = preSolution
		HideSolutionNode = FALSE
	EndGlobalSection
	GlobalSection(ExtensibilityGlobals) = postSolution
		SolutionGuid = {C20415B7-9BF8-48A3-8E48-B43B5C8F368E}
	EndGlobalSection
EndGlobal
